
Microsoft Visual Studio Solution File, Format Version 12.00
# Visual Studio Version 17
VisualStudioVersion = 17.5.33414.496
MinimumVisualStudioVersion = 10.0.40219.1
Project("{9A19103F-16F7-4668-BE54-9A1E7A4F7556}") = "Golfville.Gm.ScoringApi", "Golfville.Gm.ScoringApi\Golfville.Gm.ScoringApi.csproj", "{1443FBCD-2A0F-44A1-B0FC-624439FBAED9}"
EndProject
Project("{FAE04EC0-301F-11D3-BF4B-00C04F79EFBC}") = "Golfville.Gm.ScoringRepositories", "Golfville.Gm.ScoringRepositories\Golfville.Gm.ScoringRepositories.csproj", "{D9CE59C8-82C1-447D-B445-7FE02F51FE55}"
EndProject
Global
	GlobalSection(SolutionConfigurationPlatforms) = preSolution
		Debug|Any CPU = Debug|Any CPU
		Release|Any CPU = Release|Any CPU
	EndGlobalSection
	GlobalSection(ProjectConfigurationPlatforms) = postSolution
		{1443FBCD-2A0F-44A1-B0FC-624439FBAED9}.Debug|Any CPU.ActiveCfg = Debug|Any CPU
		{1443FBCD-2A0F-44A1-B0FC-624439FBAED9}.Debug|Any CPU.Build.0 = Debug|Any CPU
		{1443FBCD-2A0F-44A1-B0FC-624439FBAED9}.Release|Any CPU.ActiveCfg = Release|Any CPU
		{1443FBCD-2A0F-44A1-B0FC-624439FBAED9}.Release|Any CPU.Build.0 = Release|Any CPU
		{D9CE59C8-82C1-447D-B445-7FE02F51FE55}.Debug|Any CPU.ActiveCfg = Debug|Any CPU
		{D9CE59C8-82C1-447D-B445-7FE02F51FE55}.Debug|Any CPU.Build.0 = Debug|Any CPU
		{D9CE59C8-82C1-447D-B445-7FE02F51FE55}.Release|Any CPU.ActiveCfg = Release|Any CPU
		{D9CE59C8-82C1-447D-B445-7FE02F51FE55}.Release|Any CPU.Build.0 = Release|Any CPU
	EndGlobalSection
	GlobalSection(SolutionProperties) = preSolution
		HideSolutionNode = FALSE
	EndGlobalSection
	GlobalSection(ExtensibilityGlobals) = postSolution
		SolutionGuid = {48EB4795-8120-4AC7-AA00-FAE72E958D88}
	EndGlobalSection
EndGlobal
